{"format_version":"1.0","provider_schemas":{"registry.terraform.io/singlestore-labs/singlestoredb":{"provider":{"version":0,"block":{"attributes":{"api_key":{"type":"string","description":"The SingleStore Management API key used for authentication. If not provided, the provider will attempt to read the key from the file specified in the 'api_key_path' attribute or from the environment variable 'SINGLESTOREDB_API_KEY'. Generate your API key in the SingleStore Portal at https://portal.singlestore.com/organizations/org-id/api-keys.","description_kind":"markdown","optional":true,"sensitive":true},"api_key_path":{"type":"string","description":"The absolute path to a file containing the SingleStore Management API key for authentication. If not provided, the provider will use the value in the 'api_key' attribute or the 'SINGLESTOREDB_API_KEY' environment variable. Generate your API key in the SingleStore Portal at https://portal.singlestore.com/organizations/org-id/api-keys.","description_kind":"markdown","optional":true,"sensitive":true},"api_service_url":{"type":"string","description":"The URL of the SingleStore Management API service. This URL is used by the provider to interact with the API.","description_kind":"markdown","deprecated":true,"optional":true}},"description":"The Terraform provider plugin for managing SingleStoreDB workspace groups and workspaces.","description_kind":"markdown"}},"resource_schemas":{"singlestoredb_workspace":{"version":0,"block":{"attributes":{"created_at":{"type":"string","description":"The timestamp when the workspace was created.","description_kind":"markdown","computed":true},"endpoint":{"type":"string","description":"The endpoint used to connect to the workspace.","description_kind":"markdown","computed":true},"id":{"type":"string","description":"The unique identifier of the workspace.","description_kind":"markdown","computed":true},"kai_enabled":{"type":"bool","description":"Whether the Kai API is enabled for the workspace.","description_kind":"markdown","optional":true,"computed":true},"name":{"type":"string","description":"The name assigned to the workspace.","description_kind":"markdown","required":true},"size":{"type":"string","description":"The size of the workspace, specified in workspace size notation (S-00, S-0, S-1, S-2).","description_kind":"markdown","required":true},"suspended":{"type":"bool","description":"The status of the workspace. If true, the workspace is suspended.","description_kind":"markdown","optional":true,"computed":true},"workspace_group_id":{"type":"string","description":"The unique identifier of the workspace group that the workspace belongs to.","description_kind":"markdown","required":true}},"description":"This resource enables the management of SingleStoreDB workspaces.","description_kind":"markdown"}},"singlestoredb_workspace_group":{"version":0,"block":{"attributes":{"admin_password":{"type":"string","description":"The admin SQL user password for the workspace group. If not provided, the server will automatically generate a secure password. Please note that updates to the admin password might take a brief moment to become effective.","description_kind":"markdown","optional":true,"computed":true,"sensitive":true},"created_at":{"type":"string","description":"The timestamp when the workspace was created.","description_kind":"markdown","computed":true},"expires_at":{"type":"string","description":"The expiration timestamp of the workspace group. If not specified, the workspace group never expires. Upon expiration, the workspace group is terminated and all its data is lost. Set the expiration time as an RFC3339 UTC timestamp, e.g., \"2221-01-02T15:04:05Z\".","description_kind":"markdown","optional":true},"firewall_ranges":{"type":["list","string"],"description":"List of allowed CIDR ranges. An empty list blocks all inbound requests. For unrestricted traffic, use [\"0.0.0.0/0\"]. Note that updates to firewall ranges may take a brief moment to become effective.","description_kind":"markdown","required":true},"id":{"type":"string","description":"The unique identifier of the workspace group.","description_kind":"markdown","computed":true},"name":{"type":"string","description":"Name of the workspace group.","description_kind":"markdown","required":true},"region_id":{"type":"string","description":"The unique identifier of the region where the workspace group is to be created.","description_kind":"markdown","required":true}},"description":"Manage SingleStoreDB workspace groups with this resource.","description_kind":"markdown"}}},"data_source_schemas":{"singlestoredb_regions":{"version":0,"block":{"attributes":{"id":{"type":"string","description_kind":"plain","computed":true},"regions":{"nested_type":{"attributes":{"id":{"type":"string","description":"The unique identifier for the region.","description_kind":"markdown","computed":true},"provider":{"type":"string","description":"The name of the cloud provider hosting the region.","description_kind":"markdown","computed":true},"region":{"type":"string","description":"The name of the region.","description_kind":"markdown","computed":true}},"nesting_mode":"list"},"description_kind":"plain","computed":true}},"description":"This data source provides a list of regions that the user can access and that support workspaces. It includes the region ID and provider for each region.","description_kind":"markdown"}},"singlestoredb_workspace":{"version":0,"block":{"attributes":{"created_at":{"type":"string","description":"The timestamp indicating when the workspace was initially created.","description_kind":"markdown","computed":true},"endpoint":{"type":"string","description":"The endpoint to connect to the workspace.","description_kind":"markdown","computed":true},"id":{"type":"string","description":"The unique identifier of the workspace.","description_kind":"markdown","required":true},"kai_enabled":{"type":"bool","description":"Whether the Kai API is enabled for the workspace.","description_kind":"markdown","computed":true},"last_resumed_at":{"type":"string","description":"The timestamp indicating the most recent time that the workspace was resumed from suspension. If the workspace has never been suspended, this attribute will not be included in the output.","description_kind":"markdown","computed":true},"name":{"type":"string","description":"The name of the workspace.","description_kind":"markdown","computed":true},"size":{"type":"string","description":"The size of the workspace, represented in workspace size notation, such as 'S-00' or 'S-1'.","description_kind":"markdown","computed":true},"state":{"type":"string","description":"The current state of the workspace.","description_kind":"markdown","computed":true},"suspended":{"type":"bool","description":"A boolean value indicating whether the workspace is currently suspended. If true, the workspace is suspended; if false, the workspace is active.","description_kind":"markdown","computed":true},"workspace_group_id":{"type":"string","description":"The unique identifier of the workspace group that the workspace belongs to. This relationship is established when the workspace is created.","description_kind":"markdown","computed":true}},"description":"Retrieve a specific workspace using its ID with this data source.","description_kind":"markdown"}},"singlestoredb_workspace_group":{"version":0,"block":{"attributes":{"allow_all_traffic":{"type":"bool","description":"Indicates whether all traffic is allowed to reach the workspace group.","description_kind":"markdown","computed":true},"created_at":{"type":"string","description":"The timestamp when the workspace group was created.","description_kind":"markdown","computed":true},"expires_at":{"type":"string","description":"The timestamp when the workspace group will expire. Upon expiration, the workspace group is terminated and all its data is lost.","description_kind":"markdown","computed":true},"firewall_ranges":{"type":["list","string"],"description":"A list of the allowed inbound IP address ranges.","description_kind":"markdown","computed":true},"id":{"type":"string","description":"The unique identifier of the workspace group.","description_kind":"markdown","required":true},"name":{"type":"string","description":"The name of the workspace group.","description_kind":"markdown","computed":true},"region_id":{"type":"string","description":"The unique identifier of the region where the workspace group is located.","description_kind":"markdown","computed":true},"state":{"type":"string","description":"The state of the workspace group.","description_kind":"markdown","computed":true},"update_window":{"nested_type":{"attributes":{"day":{"type":"number","description":"The day of the week (0-6), where 0 is Sunday and 6 is Saturday, when the update window is scheduled.","description_kind":"markdown","computed":true},"hour":{"type":"number","description":"The hour of the day, in 24-hour UTC format (0-23), when the update window starts.","description_kind":"markdown","computed":true}},"nesting_mode":"single"},"description":"Details of the scheduled update window for the workspace group. This is the time period during which any updates to the workspace group will occur.","description_kind":"markdown","computed":true}},"description":"Retrieve a specific workspace group using its ID with this data source.","description_kind":"markdown"}},"singlestoredb_workspace_groups":{"version":0,"block":{"attributes":{"id":{"type":"string","description_kind":"plain","computed":true},"workspace_groups":{"nested_type":{"attributes":{"allow_all_traffic":{"type":"bool","description":"Indicates whether all traffic is allowed to reach the workspace group.","description_kind":"markdown","computed":true},"created_at":{"type":"string","description":"The timestamp when the workspace group was created.","description_kind":"markdown","computed":true},"expires_at":{"type":"string","description":"The timestamp when the workspace group will expire. Upon expiration, the workspace group is terminated and all its data is lost.","description_kind":"markdown","computed":true},"firewall_ranges":{"type":["list","string"],"description":"A list of the allowed inbound IP address ranges.","description_kind":"markdown","computed":true},"id":{"type":"string","description":"The unique identifier of the workspace group.","description_kind":"markdown","computed":true},"name":{"type":"string","description":"The name of the workspace group.","description_kind":"markdown","computed":true},"region_id":{"type":"string","description":"The unique identifier of the region where the workspace group is located.","description_kind":"markdown","computed":true},"state":{"type":"string","description":"The state of the workspace group.","description_kind":"markdown","computed":true},"update_window":{"nested_type":{"attributes":{"day":{"type":"number","description":"The day of the week (0-6), where 0 is Sunday and 6 is Saturday, when the update window is scheduled.","description_kind":"markdown","computed":true},"hour":{"type":"number","description":"The hour of the day, in 24-hour UTC format (0-23), when the update window starts.","description_kind":"markdown","computed":true}},"nesting_mode":"single"},"description":"Details of the scheduled update window for the workspace group. This is the time period during which any updates to the workspace group will occur.","description_kind":"markdown","computed":true}},"nesting_mode":"list"},"description_kind":"plain","computed":true}},"description":"This data source provides a list of workspace groups that the user has access to.","description_kind":"markdown"}},"singlestoredb_workspaces":{"version":0,"block":{"attributes":{"id":{"type":"string","description_kind":"plain","computed":true},"workspace_group_id":{"type":"string","description":"The unique identifier of the workspace group.","description_kind":"markdown","required":true},"workspaces":{"nested_type":{"attributes":{"created_at":{"type":"string","description":"The timestamp indicating when the workspace was initially created.","description_kind":"markdown","computed":true},"endpoint":{"type":"string","description":"The endpoint to connect to the workspace.","description_kind":"markdown","computed":true},"id":{"type":"string","description":"The unique identifier of the workspace.","description_kind":"markdown","computed":true},"kai_enabled":{"type":"bool","description":"Whether the Kai API is enabled for the workspace.","description_kind":"markdown","computed":true},"last_resumed_at":{"type":"string","description":"The timestamp indicating the most recent time that the workspace was resumed from suspension. If the workspace has never been suspended, this attribute will not be included in the output.","description_kind":"markdown","computed":true},"name":{"type":"string","description":"The name of the workspace.","description_kind":"markdown","computed":true},"size":{"type":"string","description":"The size of the workspace, represented in workspace size notation, such as 'S-00' or 'S-1'.","description_kind":"markdown","computed":true},"state":{"type":"string","description":"The current state of the workspace.","description_kind":"markdown","computed":true},"suspended":{"type":"bool","description":"A boolean value indicating whether the workspace is currently suspended. If true, the workspace is suspended; if false, the workspace is active.","description_kind":"markdown","computed":true},"workspace_group_id":{"type":"string","description":"The unique identifier of the workspace group that the workspace belongs to. This relationship is established when the workspace is created.","description_kind":"markdown","computed":true}},"nesting_mode":"list"},"description_kind":"plain","computed":true}},"description":"This data source provides a list of workspaces that the user has access to.","description_kind":"markdown"}}}}}}
